
Microsoft Visual Studio Solution File, Format Version 12.00
# Visual Studio Version 17
VisualStudioVersion = 17.4.33403.182
MinimumVisualStudioVersion = 10.0.40219.1
Project("{FAE04EC0-301F-11D3-BF4B-00C04F79EFBC}") = "CompareObject", "CompareObject\CompareObject.csproj", "{6DE19F4E-7F95-4ADE-9AA7-A57915BCC30C}"
EndProject
Global
	GlobalSection(SolutionConfigurationPlatforms) = preSolution
		Debug|Any CPU = Debug|Any CPU
		Release|Any CPU = Release|Any CPU
	EndGlobalSection
	GlobalSection(ProjectConfigurationPlatforms) = postSolution
		{6DE19F4E-7F95-4ADE-9AA7-A57915BCC30C}.Debug|Any CPU.ActiveCfg = Debug|Any CPU
		{6DE19F4E-7F95-4ADE-9AA7-A57915BCC30C}.Debug|Any CPU.Build.0 = Debug|Any CPU
		{6DE19F4E-7F95-4ADE-9AA7-A57915BCC30C}.Release|Any CPU.ActiveCfg = Release|Any CPU
		{6DE19F4E-7F95-4ADE-9AA7-A57915BCC30C}.Release|Any CPU.Build.0 = Release|Any CPU
	EndGlobalSection
	GlobalSection(SolutionProperties) = preSolution
		HideSolutionNode = FALSE
	EndGlobalSection
	GlobalSection(ExtensibilityGlobals) = postSolution
		SolutionGuid = {D40A1FE5-B351-4CBB-B1FD-2148BA2B1367}
	EndGlobalSection
EndGlobal
